{
    "_meta": {
        "hash": {
            "sha256": "b351a09152553ae960829a7a1c13705ecbcbe60b84fa42fe68118618507bb871"
        },
        "pipfile-spec": 6,
        "requires": {
            "python_version": "3.7"
        },
        "sources": [
            {
                "name": "pypi",
                "url": "https://pypi.org/simple",
                "verify_ssl": true
            }
        ]
    },
    "default": {
        "chardet": {
            "hashes": [
                "sha256:84ab92ed1c4d4f16916e05906b6b75a6c0fb5db821cc65e70cbd64a3e2a5eaae",
                "sha256:fc323ffcaeaed0e0a02bf4d117757b98aed530d9ed4531e3e15460124c106691"
            ],
            "version": "==3.0.4"
        },
        "humanreadable": {
            "hashes": [
                "sha256:80f10a1575ebb140d9345a347f981dc6faa70d090885490d77f63361290b4ff7",
                "sha256:c925e8d805d7a29ff089d11be92a5b80f4545e9e44b20e01d23a65b278a9b573"
            ],
            "version": "==0.1.0"
        },
        "mbstrdecoder": {
            "hashes": [
                "sha256:9df7778c0c051c98f6b5a848909202e5cd423c9692665b20d1a9bd0f771b8235",
                "sha256:a7cbc188b04937c92129c193a255ec91e8dfd8dd2e7e9bf04b61bc937ac86ad3"
            ],
            "version": "==1.0.0"
        },
        "pingparsing": {
            "hashes": [
                "sha256:95e4f3ed08a2035edd5b373f6cdb61135814cec2da9d8e0b63e79e571a1960bd",
                "sha256:a00c8cde0e2292927ae0c3c023f25491649e615d0318c53c94f66d2dbce19d76"
            ],
            "index": "pypi",
            "version": "==1.0.2"
        },
        "pyparsing": {
            "hashes": [
                "sha256:c203ec8783bf771a155b207279b9bccb8dea02d8f0c9e5f8ead507bc3246ecc1",
                "sha256:ef9d7589ef3c200abe66653d3f1ab1033c3c419ae9b9bdb1240a85b024efc88b"
            ],
            "version": "==2.4.7"
        },
        "subprocrunner": {
            "hashes": [
                "sha256:1541823dbe804e881fcc781e1b15b3770ecd381febcfaff41ff2f69dba206a6d",
                "sha256:446b0763ee6896f8e20e8a4484387c26e3ebd8ba586b84580c7e1fe75e469724"
            ],
            "version": "==1.2.1"
        },
        "typepy": {
            "hashes": [
                "sha256:4d10fb9f88524bcf1292e9a1256c8f88345390f8c06d47a18b3b669d7017b90f",
                "sha256:e422165afc5632ef8006ae6b35a3984a132f60287809752099f8d0a16d3561dd"
            ],
            "version": "==1.0.0"
        }
    },
    "develop": {}
}
